
Microsoft Visual Studio Solution File, Format Version 12.00
# Visual Studio Version 17
VisualStudioVersion = 17.8.34212.112
MinimumVisualStudioVersion = 10.0.40219.1
Project("{FAE04EC0-301F-11D3-BF4B-00C04F79EFBC}") = "proje", "proje\proje.csproj", "{93CA6683-4C86-4767-98DA-C3FC3E22CB39}"
EndProject
Global
	GlobalSection(SolutionConfigurationPlatforms) = preSolution
		Debug|Any CPU = Debug|Any CPU
		Release|Any CPU = Release|Any CPU
	EndGlobalSection
	GlobalSection(ProjectConfigurationPlatforms) = postSolution
		{93CA6683-4C86-4767-98DA-C3FC3E22CB39}.Debug|Any CPU.ActiveCfg = Debug|Any CPU
		{93CA6683-4C86-4767-98DA-C3FC3E22CB39}.Debug|Any CPU.Build.0 = Debug|Any CPU
		{93CA6683-4C86-4767-98DA-C3FC3E22CB39}.Release|Any CPU.ActiveCfg = Release|Any CPU
		{93CA6683-4C86-4767-98DA-C3FC3E22CB39}.Release|Any CPU.Build.0 = Release|Any CPU
	EndGlobalSection
	GlobalSection(SolutionProperties) = preSolution
		HideSolutionNode = FALSE
	EndGlobalSection
	GlobalSection(ExtensibilityGlobals) = postSolution
		SolutionGuid = {730A8E35-B720-4B96-ABA0-82108F9DAD4F}
	EndGlobalSection
EndGlobal
